
Microsoft Visual Studio Solution File, Format Version 12.00
# Visual Studio Version 17
VisualStudioVersion = 17.2.32630.192
MinimumVisualStudioVersion = 10.0.40219.1
Project("{FAE04EC0-301F-11D3-BF4B-00C04F79EFBC}") = "Lesson6", "Lesson6\Lesson6.csproj", "{7884BA24-2109-455E-9BE7-C18195440F5A}"
EndProject
Global
	GlobalSection(SolutionConfigurationPlatforms) = preSolution
		Debug|Any CPU = Debug|Any CPU
		Release|Any CPU = Release|Any CPU
	EndGlobalSection
	GlobalSection(ProjectConfigurationPlatforms) = postSolution
		{7884BA24-2109-455E-9BE7-C18195440F5A}.Debug|Any CPU.ActiveCfg = Debug|Any CPU
		{7884BA24-2109-455E-9BE7-C18195440F5A}.Debug|Any CPU.Build.0 = Debug|Any CPU
		{7884BA24-2109-455E-9BE7-C18195440F5A}.Release|Any CPU.ActiveCfg = Release|Any CPU
		{7884BA24-2109-455E-9BE7-C18195440F5A}.Release|Any CPU.Build.0 = Release|Any CPU
	EndGlobalSection
	GlobalSection(SolutionProperties) = preSolution
		HideSolutionNode = FALSE
	EndGlobalSection
	GlobalSection(ExtensibilityGlobals) = postSolution
		SolutionGuid = {23A41C2F-2DA4-4F0D-961F-F0348944DE19}
	EndGlobalSection
EndGlobal
